
Microsoft Visual Studio Solution File, Format Version 12.00
# Visual Studio 15
VisualStudioVersion = 15.0.28307.757
MinimumVisualStudioVersion = 10.0.40219.1
Project("{FAE04EC0-301F-11D3-BF4B-00C04F79EFBC}") = "PROJECT_LOGIN.WebUI", "PROJECT_LOGIN\PROJECT_LOGIN.WebUI.csproj", "{567E2FF3-2D77-4B75-B5B5-C303FB347AAA}"
EndProject
Project("{FAE04EC0-301F-11D3-BF4B-00C04F79EFBC}") = "PROJECT_LOGIN.BL", "PROJECT_LOGIN.BL\PROJECT_LOGIN.BL.csproj", "{DC0DFC66-84F1-4229-A5E5-09BC3B43ADC9}"
EndProject
Project("{FAE04EC0-301F-11D3-BF4B-00C04F79EFBC}") = "PROJECT_LOGIN.DL", "PROJECT_LOGIN.DL\PROJECT_LOGIN.DL.csproj", "{3D293D58-1E5B-4A1E-B44F-266732D3C00C}"
EndProject
Project("{00D1A9C2-B5F0-4AF3-8072-F6C62B433612}") = "PROJECT_LOGIN.DB", "PROJECT_LOGIN.DB\PROJECT_LOGIN.DB.sqlproj", "{77A516DE-F2FF-4A39-BC11-179C0CCD43C8}"
EndProject
Global
	GlobalSection(SolutionConfigurationPlatforms) = preSolution
		Debug|Any CPU = Debug|Any CPU
		Release|Any CPU = Release|Any CPU
	EndGlobalSection
	GlobalSection(ProjectConfigurationPlatforms) = postSolution
		{567E2FF3-2D77-4B75-B5B5-C303FB347AAA}.Debug|Any CPU.ActiveCfg = Debug|Any CPU
		{567E2FF3-2D77-4B75-B5B5-C303FB347AAA}.Debug|Any CPU.Build.0 = Debug|Any CPU
		{567E2FF3-2D77-4B75-B5B5-C303FB347AAA}.Release|Any CPU.ActiveCfg = Release|Any CPU
		{567E2FF3-2D77-4B75-B5B5-C303FB347AAA}.Release|Any CPU.Build.0 = Release|Any CPU
		{DC0DFC66-84F1-4229-A5E5-09BC3B43ADC9}.Debug|Any CPU.ActiveCfg = Debug|Any CPU
		{DC0DFC66-84F1-4229-A5E5-09BC3B43ADC9}.Debug|Any CPU.Build.0 = Debug|Any CPU
		{DC0DFC66-84F1-4229-A5E5-09BC3B43ADC9}.Release|Any CPU.ActiveCfg = Release|Any CPU
		{DC0DFC66-84F1-4229-A5E5-09BC3B43ADC9}.Release|Any CPU.Build.0 = Release|Any CPU
		{3D293D58-1E5B-4A1E-B44F-266732D3C00C}.Debug|Any CPU.ActiveCfg = Debug|Any CPU
		{3D293D58-1E5B-4A1E-B44F-266732D3C00C}.Debug|Any CPU.Build.0 = Debug|Any CPU
		{3D293D58-1E5B-4A1E-B44F-266732D3C00C}.Release|Any CPU.ActiveCfg = Release|Any CPU
		{3D293D58-1E5B-4A1E-B44F-266732D3C00C}.Release|Any CPU.Build.0 = Release|Any CPU
		{77A516DE-F2FF-4A39-BC11-179C0CCD43C8}.Debug|Any CPU.ActiveCfg = Debug|Any CPU
		{77A516DE-F2FF-4A39-BC11-179C0CCD43C8}.Debug|Any CPU.Build.0 = Debug|Any CPU
		{77A516DE-F2FF-4A39-BC11-179C0CCD43C8}.Debug|Any CPU.Deploy.0 = Debug|Any CPU
		{77A516DE-F2FF-4A39-BC11-179C0CCD43C8}.Release|Any CPU.ActiveCfg = Release|Any CPU
		{77A516DE-F2FF-4A39-BC11-179C0CCD43C8}.Release|Any CPU.Build.0 = Release|Any CPU
		{77A516DE-F2FF-4A39-BC11-179C0CCD43C8}.Release|Any CPU.Deploy.0 = Release|Any CPU
	EndGlobalSection
	GlobalSection(SolutionProperties) = preSolution
		HideSolutionNode = FALSE
	EndGlobalSection
	GlobalSection(ExtensibilityGlobals) = postSolution
		SolutionGuid = {6CB5E5BC-E976-4ECE-ABD4-379CCF98344A}
	EndGlobalSection
EndGlobal
